// !$*UTF8*$!
{
	archiveVersion = 1;
	classes = {
	};
	objectVersion = 51;
	objects = {

/* Begin PBXBuildFile section */
		127A43BB916BDDCD6FE50C8B /* Pods_iDeliver.framework in Frameworks */ = {isa = PBXBuildFile; fileRef = 3C2A449583F9BFC19E10465E /* Pods_iDeliver.framework */; };
		331B6B6A245081E500278E19 /* CreditCardInfoViewController.swift in Sources */ = {isa = PBXBuildFile; fileRef = 331B6B69245081E500278E19 /* CreditCardInfoViewController.swift */; };
		33426479244CF49200E2E0A6 /* LoginViewController.swift in Sources */ = {isa = PBXBuildFile; fileRef = 33426478244CF49100E2E0A6 /* LoginViewController.swift */; };
		3342647B244CF4AB00E2E0A6 /* SignUpViewController.swift in Sources */ = {isa = PBXBuildFile; fileRef = 3342647A244CF4AB00E2E0A6 /* SignUpViewController.swift */; };
		3342647D244D150700E2E0A6 /* GoogleService-Info.plist in Resources */ = {isa = PBXBuildFile; fileRef = 3342647C244D150700E2E0A6 /* GoogleService-Info.plist */; };
		33426480244F78E500E2E0A6 /* ProfileTableViewController.swift in Sources */ = {isa = PBXBuildFile; fileRef = 3342647F244F78E500E2E0A6 /* ProfileTableViewController.swift */; };
		33426482244FB6BB00E2E0A6 /* User.swift in Sources */ = {isa = PBXBuildFile; fileRef = 33426481244FB6BA00E2E0A6 /* User.swift */; };
		3A4A2AD02436588700C08413 /* ProductsLandingController.swift in Sources */ = {isa = PBXBuildFile; fileRef = 3A4A2ACF2436588700C08413 /* ProductsLandingController.swift */; };
		3A4A2AD3243688B300C08413 /* Category.swift in Sources */ = {isa = PBXBuildFile; fileRef = 3A4A2AD2243688B300C08413 /* Category.swift */; };
		3A4CEA90243CB5750057578B /* ExtensionsUtil.swift in Sources */ = {isa = PBXBuildFile; fileRef = 3A4CEA8F243CB5750057578B /* ExtensionsUtil.swift */; };
		3AB1A2B2243B8D840018DA07 /* ProductDetailController.swift in Sources */ = {isa = PBXBuildFile; fileRef = 3AB1A2B1243B8D840018DA07 /* ProductDetailController.swift */; };
		3AD3A98124340E480085190F /* AppDelegate.swift in Sources */ = {isa = PBXBuildFile; fileRef = 3AD3A98024340E480085190F /* AppDelegate.swift */; };
		3AD3A98324340E480085190F /* SceneDelegate.swift in Sources */ = {isa = PBXBuildFile; fileRef = 3AD3A98224340E480085190F /* SceneDelegate.swift */; };
		3AD3A98824340E480085190F /* Main.storyboard in Resources */ = {isa = PBXBuildFile; fileRef = 3AD3A98624340E480085190F /* Main.storyboard */; };
		3AD3A98A24340E4D0085190F /* Assets.xcassets in Resources */ = {isa = PBXBuildFile; fileRef = 3AD3A98924340E4D0085190F /* Assets.xcassets */; };
		3AD3A98D24340E4D0085190F /* LaunchScreen.storyboard in Resources */ = {isa = PBXBuildFile; fileRef = 3AD3A98B24340E4D0085190F /* LaunchScreen.storyboard */; };
		3AD3A998243410070085190F /* Profile.storyboard in Resources */ = {isa = PBXBuildFile; fileRef = 3AD3A997243410070085190F /* Profile.storyboard */; };
		3AD3A99A243410680085190F /* Products.storyboard in Resources */ = {isa = PBXBuildFile; fileRef = 3AD3A999243410680085190F /* Products.storyboard */; };
		F000418F245DC3F400BC20F6 /* CheckoutTotalTableViewCell.swift in Sources */ = {isa = PBXBuildFile; fileRef = F000418E245DC3F400BC20F6 /* CheckoutTotalTableViewCell.swift */; };
		F0004191245DE83900BC20F6 /* ButtonTableCell.swift in Sources */ = {isa = PBXBuildFile; fileRef = F0004190245DE83900BC20F6 /* ButtonTableCell.swift */; };
		F028A405244F859F00BEB495 /* NotificationEventsKeys.swift in Sources */ = {isa = PBXBuildFile; fileRef = F028A404244F859F00BEB495 /* NotificationEventsKeys.swift */; };
		F028A408244FB2B800BEB495 /* ShoppingCartTableCell.swift in Sources */ = {isa = PBXBuildFile; fileRef = F028A407244FB2B700BEB495 /* ShoppingCartTableCell.swift */; };
		F03DA81C24525217007C47C1 /* DataModel.xcdatamodeld in Sources */ = {isa = PBXBuildFile; fileRef = F03DA81A24525217007C47C1 /* DataModel.xcdatamodeld */; };
		F0547F06245320A9005B7013 /* ProductCollectionCell.swift in Sources */ = {isa = PBXBuildFile; fileRef = F0547F05245320A9005B7013 /* ProductCollectionCell.swift */; };
		F0547F1524534E2E005B7013 /* CDProduct+CoreDataClass.swift in Sources */ = {isa = PBXBuildFile; fileRef = F0547F1324534E2E005B7013 /* CDProduct+CoreDataClass.swift */; };
		F0547F1624534E2E005B7013 /* CDProduct+CoreDataProperties.swift in Sources */ = {isa = PBXBuildFile; fileRef = F0547F1424534E2E005B7013 /* CDProduct+CoreDataProperties.swift */; };
		F06F3BD52450BE2A0039F234 /* LandingHeaderView.swift in Sources */ = {isa = PBXBuildFile; fileRef = F06F3BD42450BE2A0039F234 /* LandingHeaderView.swift */; };
		F06F3BD7245104260039F234 /* AllCategoriesViewController.swift in Sources */ = {isa = PBXBuildFile; fileRef = F06F3BD6245104260039F234 /* AllCategoriesViewController.swift */; };
		F071D9FA245C59D4008D179E /* CheckoutViewController.swift in Sources */ = {isa = PBXBuildFile; fileRef = F071D9F9245C59D4008D179E /* CheckoutViewController.swift */; };
		F071D9FC245C5E2F008D179E /* CheckoutView.swift in Sources */ = {isa = PBXBuildFile; fileRef = F071D9FB245C5E2F008D179E /* CheckoutView.swift */; };
		F071D9FE245C7A3C008D179E /* ProductCheckoutTableViewCell.swift in Sources */ = {isa = PBXBuildFile; fileRef = F071D9FD245C7A3C008D179E /* ProductCheckoutTableViewCell.swift */; };
		F0738F6C2436B1650018DAFD /* ProductsAPI.swift in Sources */ = {isa = PBXBuildFile; fileRef = F0738F6B2436B1650018DAFD /* ProductsAPI.swift */; };
		F0738F712436B6CB0018DAFD /* JSONUtil.swift in Sources */ = {isa = PBXBuildFile; fileRef = F0738F702436B6CB0018DAFD /* JSONUtil.swift */; };
		F0738F732436BD810018DAFD /* CategoriesSlice.json in Resources */ = {isa = PBXBuildFile; fileRef = F0738F722436BD810018DAFD /* CategoriesSlice.json */; };
		F0738F782436C1490018DAFD /* TopCategory.swift in Sources */ = {isa = PBXBuildFile; fileRef = F0738F772436C1490018DAFD /* TopCategory.swift */; };
		F07FCC5124381D070001F858 /* PixbayResponse.swift in Sources */ = {isa = PBXBuildFile; fileRef = F07FCC5024381D070001F858 /* PixbayResponse.swift */; };
		F0A5D75124490A0B009753D8 /* ShoppingCartListViewController.swift in Sources */ = {isa = PBXBuildFile; fileRef = F0A5D75024490A0B009753D8 /* ShoppingCartListViewController.swift */; };
		F0CA0BAE2438B62B00EDB04A /* APIImage.swift in Sources */ = {isa = PBXBuildFile; fileRef = F0CA0BAD2438B62B00EDB04A /* APIImage.swift */; };
		F0CA0BB02438BCA500EDB04A /* ProductsListController.swift in Sources */ = {isa = PBXBuildFile; fileRef = F0CA0BAF2438BCA500EDB04A /* ProductsListController.swift */; };
		F0CA0BB22438CB9900EDB04A /* Product.swift in Sources */ = {isa = PBXBuildFile; fileRef = F0CA0BB12438CB9900EDB04A /* Product.swift */; };
		F0CA0BB42438CC1800EDB04A /* ProductsSlice.json in Resources */ = {isa = PBXBuildFile; fileRef = F0CA0BB32438CC1800EDB04A /* ProductsSlice.json */; };
		F0CA0BB62438D42A00EDB04A /* SpinnerView.swift in Sources */ = {isa = PBXBuildFile; fileRef = F0CA0BB52438D42A00EDB04A /* SpinnerView.swift */; };
		F0CA0BB82438E1FD00EDB04A /* ProductTableCellView.swift in Sources */ = {isa = PBXBuildFile; fileRef = F0CA0BB72438E1FD00EDB04A /* ProductTableCellView.swift */; };
/* End PBXBuildFile section */

/* Begin PBXFileReference section */
		04D57F060F44C470AC7E83BD /* Pods-iDeliver.release.xcconfig */ = {isa = PBXFileReference; includeInIndex = 1; lastKnownFileType = text.xcconfig; name = "Pods-iDeliver.release.xcconfig"; path = "Target Support Files/Pods-iDeliver/Pods-iDeliver.release.xcconfig"; sourceTree = "<group>"; };
		331B6B69245081E500278E19 /* CreditCardInfoViewController.swift */ = {isa = PBXFileReference; lastKnownFileType = sourcecode.swift; path = CreditCardInfoViewController.swift; sourceTree = "<group>"; };
		33426478244CF49100E2E0A6 /* LoginViewController.swift */ = {isa = PBXFileReference; lastKnownFileType = sourcecode.swift; path = LoginViewController.swift; sourceTree = "<group>"; };
		3342647A244CF4AB00E2E0A6 /* SignUpViewController.swift */ = {isa = PBXFileReference; lastKnownFileType = sourcecode.swift; path = SignUpViewController.swift; sourceTree = "<group>"; };
		3342647C244D150700E2E0A6 /* GoogleService-Info.plist */ = {isa = PBXFileReference; fileEncoding = 4; lastKnownFileType = text.plist.xml; path = "GoogleService-Info.plist"; sourceTree = "<group>"; };
		3342647F244F78E500E2E0A6 /* ProfileTableViewController.swift */ = {isa = PBXFileReference; lastKnownFileType = sourcecode.swift; path = ProfileTableViewController.swift; sourceTree = "<group>"; };
		33426481244FB6BA00E2E0A6 /* User.swift */ = {isa = PBXFileReference; lastKnownFileType = sourcecode.swift; path = User.swift; sourceTree = "<group>"; };
		3A4A2ACF2436588700C08413 /* ProductsLandingController.swift */ = {isa = PBXFileReference; lastKnownFileType = sourcecode.swift; path = ProductsLandingController.swift; sourceTree = "<group>"; };
		3A4A2AD2243688B300C08413 /* Category.swift */ = {isa = PBXFileReference; lastKnownFileType = sourcecode.swift; path = Category.swift; sourceTree = "<group>"; };
		3A4CEA8F243CB5750057578B /* ExtensionsUtil.swift */ = {isa = PBXFileReference; lastKnownFileType = sourcecode.swift; path = ExtensionsUtil.swift; sourceTree = "<group>"; };
		3AB1A2B1243B8D840018DA07 /* ProductDetailController.swift */ = {isa = PBXFileReference; lastKnownFileType = sourcecode.swift; path = ProductDetailController.swift; sourceTree = "<group>"; };
		3AD3A97D24340E480085190F /* iDeliver.app */ = {isa = PBXFileReference; explicitFileType = wrapper.application; includeInIndex = 0; path = iDeliver.app; sourceTree = BUILT_PRODUCTS_DIR; };
		3AD3A98024340E480085190F /* AppDelegate.swift */ = {isa = PBXFileReference; lastKnownFileType = sourcecode.swift; path = AppDelegate.swift; sourceTree = "<group>"; };
		3AD3A98224340E480085190F /* SceneDelegate.swift */ = {isa = PBXFileReference; lastKnownFileType = sourcecode.swift; path = SceneDelegate.swift; sourceTree = "<group>"; };
		3AD3A98724340E480085190F /* Base */ = {isa = PBXFileReference; lastKnownFileType = file.storyboard; name = Base; path = Base.lproj/Main.storyboard; sourceTree = "<group>"; };
		3AD3A98924340E4D0085190F /* Assets.xcassets */ = {isa = PBXFileReference; lastKnownFileType = folder.assetcatalog; path = Assets.xcassets; sourceTree = "<group>"; };
		3AD3A98C24340E4D0085190F /* Base */ = {isa = PBXFileReference; lastKnownFileType = file.storyboard; name = Base; path = Base.lproj/LaunchScreen.storyboard; sourceTree = "<group>"; };
		3AD3A98E24340E4D0085190F /* Info.plist */ = {isa = PBXFileReference; lastKnownFileType = text.plist.xml; path = Info.plist; sourceTree = "<group>"; };
		3AD3A997243410070085190F /* Profile.storyboard */ = {isa = PBXFileReference; lastKnownFileType = file.storyboard; path = Profile.storyboard; sourceTree = "<group>"; };
		3AD3A999243410680085190F /* Products.storyboard */ = {isa = PBXFileReference; lastKnownFileType = file.storyboard; path = Products.storyboard; sourceTree = "<group>"; };
		3C2A449583F9BFC19E10465E /* Pods_iDeliver.framework */ = {isa = PBXFileReference; explicitFileType = wrapper.framework; includeInIndex = 0; path = Pods_iDeliver.framework; sourceTree = BUILT_PRODUCTS_DIR; };
		D461E673DB5E5A7F8E69AD77 /* Pods-iDeliver.debug.xcconfig */ = {isa = PBXFileReference; includeInIndex = 1; lastKnownFileType = text.xcconfig; name = "Pods-iDeliver.debug.xcconfig"; path = "Target Support Files/Pods-iDeliver/Pods-iDeliver.debug.xcconfig"; sourceTree = "<group>"; };
		F000418E245DC3F400BC20F6 /* CheckoutTotalTableViewCell.swift */ = {isa = PBXFileReference; lastKnownFileType = sourcecode.swift; path = CheckoutTotalTableViewCell.swift; sourceTree = "<group>"; };
		F0004190245DE83900BC20F6 /* ButtonTableCell.swift */ = {isa = PBXFileReference; lastKnownFileType = sourcecode.swift; path = ButtonTableCell.swift; sourceTree = "<group>"; };
		F028A404244F859F00BEB495 /* NotificationEventsKeys.swift */ = {isa = PBXFileReference; lastKnownFileType = sourcecode.swift; path = NotificationEventsKeys.swift; sourceTree = "<group>"; };
		F028A407244FB2B700BEB495 /* ShoppingCartTableCell.swift */ = {isa = PBXFileReference; lastKnownFileType = sourcecode.swift; path = ShoppingCartTableCell.swift; sourceTree = "<group>"; };
		F03DA81B24525217007C47C1 /* DataModel.xcdatamodel */ = {isa = PBXFileReference; lastKnownFileType = wrapper.xcdatamodel; path = DataModel.xcdatamodel; sourceTree = "<group>"; };
		F0547F05245320A9005B7013 /* ProductCollectionCell.swift */ = {isa = PBXFileReference; lastKnownFileType = sourcecode.swift; path = ProductCollectionCell.swift; sourceTree = "<group>"; };
		F0547F1324534E2E005B7013 /* CDProduct+CoreDataClass.swift */ = {isa = PBXFileReference; lastKnownFileType = sourcecode.swift; path = "CDProduct+CoreDataClass.swift"; sourceTree = "<group>"; };
		F0547F1424534E2E005B7013 /* CDProduct+CoreDataProperties.swift */ = {isa = PBXFileReference; lastKnownFileType = sourcecode.swift; path = "CDProduct+CoreDataProperties.swift"; sourceTree = "<group>"; };
		F06F3BD42450BE2A0039F234 /* LandingHeaderView.swift */ = {isa = PBXFileReference; lastKnownFileType = sourcecode.swift; path = LandingHeaderView.swift; sourceTree = "<group>"; };
		F06F3BD6245104260039F234 /* AllCategoriesViewController.swift */ = {isa = PBXFileReference; lastKnownFileType = sourcecode.swift; path = AllCategoriesViewController.swift; sourceTree = "<group>"; };
		F071D9F9245C59D4008D179E /* CheckoutViewController.swift */ = {isa = PBXFileReference; lastKnownFileType = sourcecode.swift; path = CheckoutViewController.swift; sourceTree = "<group>"; };
		F071D9FB245C5E2F008D179E /* CheckoutView.swift */ = {isa = PBXFileReference; lastKnownFileType = sourcecode.swift; path = CheckoutView.swift; sourceTree = "<group>"; };
		F071D9FD245C7A3C008D179E /* ProductCheckoutTableViewCell.swift */ = {isa = PBXFileReference; lastKnownFileType = sourcecode.swift; path = ProductCheckoutTableViewCell.swift; sourceTree = "<group>"; };
		F0738F6B2436B1650018DAFD /* ProductsAPI.swift */ = {isa = PBXFileReference; lastKnownFileType = sourcecode.swift; path = ProductsAPI.swift; sourceTree = "<group>"; };
		F0738F702436B6CB0018DAFD /* JSONUtil.swift */ = {isa = PBXFileReference; lastKnownFileType = sourcecode.swift; path = JSONUtil.swift; sourceTree = "<group>"; };
		F0738F722436BD810018DAFD /* CategoriesSlice.json */ = {isa = PBXFileReference; fileEncoding = 4; lastKnownFileType = text.json; path = CategoriesSlice.json; sourceTree = "<group>"; };
		F0738F772436C1490018DAFD /* TopCategory.swift */ = {isa = PBXFileReference; lastKnownFileType = sourcecode.swift; path = TopCategory.swift; sourceTree = "<group>"; };
		F07FCC5024381D070001F858 /* PixbayResponse.swift */ = {isa = PBXFileReference; lastKnownFileType = sourcecode.swift; path = PixbayResponse.swift; sourceTree = "<group>"; };
		F0A5D75024490A0B009753D8 /* ShoppingCartListViewController.swift */ = {isa = PBXFileReference; lastKnownFileType = sourcecode.swift; path = ShoppingCartListViewController.swift; sourceTree = "<group>"; };
		F0CA0BAD2438B62B00EDB04A /* APIImage.swift */ = {isa = PBXFileReference; lastKnownFileType = sourcecode.swift; path = APIImage.swift; sourceTree = "<group>"; };
		F0CA0BAF2438BCA500EDB04A /* ProductsListController.swift */ = {isa = PBXFileReference; lastKnownFileType = sourcecode.swift; path = ProductsListController.swift; sourceTree = "<group>"; };
		F0CA0BB12438CB9900EDB04A /* Product.swift */ = {isa = PBXFileReference; lastKnownFileType = sourcecode.swift; path = Product.swift; sourceTree = "<group>"; };
		F0CA0BB32438CC1800EDB04A /* ProductsSlice.json */ = {isa = PBXFileReference; fileEncoding = 4; lastKnownFileType = text.json; path = ProductsSlice.json; sourceTree = "<group>"; };
		F0CA0BB52438D42A00EDB04A /* SpinnerView.swift */ = {isa = PBXFileReference; lastKnownFileType = sourcecode.swift; path = SpinnerView.swift; sourceTree = "<group>"; };
		F0CA0BB72438E1FD00EDB04A /* ProductTableCellView.swift */ = {isa = PBXFileReference; lastKnownFileType = sourcecode.swift; path = ProductTableCellView.swift; sourceTree = "<group>"; };
/* End PBXFileReference section */

/* Begin PBXFrameworksBuildPhase section */
		3AD3A97A24340E480085190F /* Frameworks */ = {
			isa = PBXFrameworksBuildPhase;
			buildActionMask = 2147483647;
			files = (
				127A43BB916BDDCD6FE50C8B /* Pods_iDeliver.framework in Frameworks */,
			);
			runOnlyForDeploymentPostprocessing = 0;
		};
/* End PBXFrameworksBuildPhase section */

/* Begin PBXGroup section */
		2ABC5EBB5F8C4B2ECE5C719F /* Frameworks */ = {
			isa = PBXGroup;
			children = (
				3C2A449583F9BFC19E10465E /* Pods_iDeliver.framework */,
			);
			name = Frameworks;
			sourceTree = "<group>";
		};
		33426476244CF45800E2E0A6 /* Login */ = {
			isa = PBXGroup;
			children = (
				33426478244CF49100E2E0A6 /* LoginViewController.swift */,
			);
			path = Login;
			sourceTree = "<group>";
		};
		33426477244CF46400E2E0A6 /* SignUp */ = {
			isa = PBXGroup;
			children = (
				3342647A244CF4AB00E2E0A6 /* SignUpViewController.swift */,
			);
			path = SignUp;
			sourceTree = "<group>";
		};
		3342647E244F78C000E2E0A6 /* Profile */ = {
			isa = PBXGroup;
			children = (
				3342647F244F78E500E2E0A6 /* ProfileTableViewController.swift */,
				331B6B69245081E500278E19 /* CreditCardInfoViewController.swift */,
			);
			path = Profile;
			sourceTree = "<group>";
		};
		3A4A2ACE2436585200C08413 /* Products */ = {
			isa = PBXGroup;
			children = (
				3A4A2ACF2436588700C08413 /* ProductsLandingController.swift */,
				F0CA0BAF2438BCA500EDB04A /* ProductsListController.swift */,
				3AB1A2B1243B8D840018DA07 /* ProductDetailController.swift */,
				F0A5D75024490A0B009753D8 /* ShoppingCartListViewController.swift */,
				F06F3BD6245104260039F234 /* AllCategoriesViewController.swift */,
				F071D9F9245C59D4008D179E /* CheckoutViewController.swift */,
			);
			path = Products;
			sourceTree = "<group>";
		};
		3AD3A97424340E480085190F = {
			isa = PBXGroup;
			children = (
				3AD3A97F24340E480085190F /* iDeliver */,
				3AD3A97E24340E480085190F /* Products */,
				6E07A60ECAAF560F5E2FB7A8 /* Pods */,
				2ABC5EBB5F8C4B2ECE5C719F /* Frameworks */,
			);
			sourceTree = "<group>";
		};
		3AD3A97E24340E480085190F /* Products */ = {
			isa = PBXGroup;
			children = (
				3AD3A97D24340E480085190F /* iDeliver.app */,
			);
			name = Products;
			sourceTree = "<group>";
		};
		3AD3A97F24340E480085190F /* iDeliver */ = {
			isa = PBXGroup;
			children = (
				3AD3A99424340F960085190F /* Model */,
				3AD3A99524340F9E0085190F /* View */,
				3AD3A99624340FB10085190F /* Controller */,
				3AD3A99B243414C80085190F /* Storyboards */,
				3AD3A98024340E480085190F /* AppDelegate.swift */,
				3AD3A98224340E480085190F /* SceneDelegate.swift */,
				3AD3A98924340E4D0085190F /* Assets.xcassets */,
				3AD3A98B24340E4D0085190F /* LaunchScreen.storyboard */,
				3AD3A98E24340E4D0085190F /* Info.plist */,
				3342647C244D150700E2E0A6 /* GoogleService-Info.plist */,
			);
			path = iDeliver;
			sourceTree = "<group>";
		};
		3AD3A99424340F960085190F /* Model */ = {
			isa = PBXGroup;
			children = (
				F03DA81924524C08007C47C1 /* Common */,
				F0738F692436B1260018DAFD /* Core Data */,
				3A4A2AD2243688B300C08413 /* Category.swift */,
				F0CA0BB12438CB9900EDB04A /* Product.swift */,
				33426481244FB6BA00E2E0A6 /* User.swift */,
				F028A404244F859F00BEB495 /* NotificationEventsKeys.swift */,
			);
			path = Model;
			sourceTree = "<group>";
		};
		3AD3A99524340F9E0085190F /* View */ = {
			isa = PBXGroup;
			children = (
				F0738F742436C0E10018DAFD /* Products */,
			);
			path = View;
			sourceTree = "<group>";
		};
		3AD3A99624340FB10085190F /* Controller */ = {
			isa = PBXGroup;
			children = (
				3342647E244F78C000E2E0A6 /* Profile */,
				33426476244CF45800E2E0A6 /* Login */,
				33426477244CF46400E2E0A6 /* SignUp */,
				3A4A2ACE2436585200C08413 /* Products */,
			);
			path = Controller;
			sourceTree = "<group>";
		};
		3AD3A99B243414C80085190F /* Storyboards */ = {
			isa = PBXGroup;
			children = (
				3AD3A98624340E480085190F /* Main.storyboard */,
				3AD3A999243410680085190F /* Products.storyboard */,
				3AD3A997243410070085190F /* Profile.storyboard */,
			);
			path = Storyboards;
			sourceTree = "<group>";
		};
		6E07A60ECAAF560F5E2FB7A8 /* Pods */ = {
			isa = PBXGroup;
			children = (
				D461E673DB5E5A7F8E69AD77 /* Pods-iDeliver.debug.xcconfig */,
				04D57F060F44C470AC7E83BD /* Pods-iDeliver.release.xcconfig */,
			);
			path = Pods;
			sourceTree = "<group>";
		};
		F028A406244FAFA600BEB495 /* Cells */ = {
			isa = PBXGroup;
			children = (
				F0738F772436C1490018DAFD /* TopCategory.swift */,
				F0CA0BB72438E1FD00EDB04A /* ProductTableCellView.swift */,
				F028A407244FB2B700BEB495 /* ShoppingCartTableCell.swift */,
				F0547F05245320A9005B7013 /* ProductCollectionCell.swift */,
				F071D9FD245C7A3C008D179E /* ProductCheckoutTableViewCell.swift */,
				F000418E245DC3F400BC20F6 /* CheckoutTotalTableViewCell.swift */,
				F0004190245DE83900BC20F6 /* ButtonTableCell.swift */,
			);
			path = Cells;
			sourceTree = "<group>";
		};
		F03DA81924524C08007C47C1 /* Common */ = {
			isa = PBXGroup;
			children = (
				F0738F6D2436B67E0018DAFD /* Mocks */,
				F0738F6B2436B1650018DAFD /* ProductsAPI.swift */,
				F0738F702436B6CB0018DAFD /* JSONUtil.swift */,
				F07FCC5024381D070001F858 /* PixbayResponse.swift */,
				3A4CEA8F243CB5750057578B /* ExtensionsUtil.swift */,
			);
			path = Common;
			sourceTree = "<group>";
		};
		F06F3BD32450BDFE0039F234 /* Headers */ = {
			isa = PBXGroup;
			children = (
				F06F3BD42450BE2A0039F234 /* LandingHeaderView.swift */,
			);
			path = Headers;
			sourceTree = "<group>";
		};
		F0738F692436B1260018DAFD /* Core Data */ = {
			isa = PBXGroup;
			children = (
				F0547F1324534E2E005B7013 /* CDProduct+CoreDataClass.swift */,
				F0547F1424534E2E005B7013 /* CDProduct+CoreDataProperties.swift */,
				F03DA81A24525217007C47C1 /* DataModel.xcdatamodeld */,
			);
			path = "Core Data";
			sourceTree = "<group>";
		};
		F0738F6D2436B67E0018DAFD /* Mocks */ = {
			isa = PBXGroup;
			children = (
				F0CA0BB32438CC1800EDB04A /* ProductsSlice.json */,
				F0738F722436BD810018DAFD /* CategoriesSlice.json */,
			);
			path = Mocks;
			sourceTree = "<group>";
		};
		F0738F742436C0E10018DAFD /* Products */ = {
			isa = PBXGroup;
			children = (
				F06F3BD32450BDFE0039F234 /* Headers */,
				F028A406244FAFA600BEB495 /* Cells */,
				F0CA0BAD2438B62B00EDB04A /* APIImage.swift */,
				F0CA0BB52438D42A00EDB04A /* SpinnerView.swift */,
				F071D9FB245C5E2F008D179E /* CheckoutView.swift */,
			);
			path = Products;
			sourceTree = "<group>";
		};
/* End PBXGroup section */

/* Begin PBXNativeTarget section */
		3AD3A97C24340E480085190F /* iDeliver */ = {
			isa = PBXNativeTarget;
			buildConfigurationList = 3AD3A99124340E4D0085190F /* Build configuration list for PBXNativeTarget "iDeliver" */;
			buildPhases = (
				6D6942506012871498CADF6C /* [CP] Check Pods Manifest.lock */,
				3AD3A97924340E480085190F /* Sources */,
				3AD3A97A24340E480085190F /* Frameworks */,
				3AD3A97B24340E480085190F /* Resources */,
				7E76EF42C54A6ED06DB667B8 /* [CP] Embed Pods Frameworks */,
			);
			buildRules = (
			);
			dependencies = (
			);
			name = iDeliver;
			productName = iDeliver;
			productReference = 3AD3A97D24340E480085190F /* iDeliver.app */;
			productType = "com.apple.product-type.application";
		};
/* End PBXNativeTarget section */

/* Begin PBXProject section */
		3AD3A97524340E480085190F /* Project object */ = {
			isa = PBXProject;
			attributes = {
				LastSwiftUpdateCheck = 1130;
				LastUpgradeCheck = 1130;
				ORGANIZATIONNAME = "Field Employee";
				TargetAttributes = {
					3AD3A97C24340E480085190F = {
						CreatedOnToolsVersion = 11.3;
						LastSwiftMigration = 1140;
					};
				};
			};
			buildConfigurationList = 3AD3A97824340E480085190F /* Build configuration list for PBXProject "iDeliver" */;
			compatibilityVersion = "Xcode 9.3";
			developmentRegion = en;
			hasScannedForEncodings = 0;
			knownRegions = (
				en,
				Base,
			);
			mainGroup = 3AD3A97424340E480085190F;
			productRefGroup = 3AD3A97E24340E480085190F /* Products */;
			projectDirPath = "";
			projectRoot = "";
			targets = (
				3AD3A97C24340E480085190F /* iDeliver */,
			);
		};
/* End PBXProject section */

/* Begin PBXResourcesBuildPhase section */
		3AD3A97B24340E480085190F /* Resources */ = {
			isa = PBXResourcesBuildPhase;
			buildActionMask = 2147483647;
			files = (
				F0738F732436BD810018DAFD /* CategoriesSlice.json in Resources */,
				3342647D244D150700E2E0A6 /* GoogleService-Info.plist in Resources */,
				F0CA0BB42438CC1800EDB04A /* ProductsSlice.json in Resources */,
				3AD3A98D24340E4D0085190F /* LaunchScreen.storyboard in Resources */,
				3AD3A98A24340E4D0085190F /* Assets.xcassets in Resources */,
				3AD3A998243410070085190F /* Profile.storyboard in Resources */,
				3AD3A99A243410680085190F /* Products.storyboard in Resources */,
				3AD3A98824340E480085190F /* Main.storyboard in Resources */,
			);
			runOnlyForDeploymentPostprocessing = 0;
		};
/* End PBXResourcesBuildPhase section */

/* Begin PBXShellScriptBuildPhase section */
		6D6942506012871498CADF6C /* [CP] Check Pods Manifest.lock */ = {
			isa = PBXShellScriptBuildPhase;
			buildActionMask = 2147483647;
			files = (
			);
			inputFileListPaths = (
			);
			inputPaths = (
				"${PODS_PODFILE_DIR_PATH}/Podfile.lock",
				"${PODS_ROOT}/Manifest.lock",
			);
			name = "[CP] Check Pods Manifest.lock";
			outputFileListPaths = (
			);
			outputPaths = (
				"$(DERIVED_FILE_DIR)/Pods-iDeliver-checkManifestLockResult.txt",
			);
			runOnlyForDeploymentPostprocessing = 0;
			shellPath = /bin/sh;
			shellScript = "diff \"${PODS_PODFILE_DIR_PATH}/Podfile.lock\" \"${PODS_ROOT}/Manifest.lock\" > /dev/null\nif [ $? != 0 ] ; then\n    # print error to STDERR\n    echo \"error: The sandbox is not in sync with the Podfile.lock. Run 'pod install' or update your CocoaPods installation.\" >&2\n    exit 1\nfi\n# This output is used by Xcode 'outputs' to avoid re-running this script phase.\necho \"SUCCESS\" > \"${SCRIPT_OUTPUT_FILE_0}\"\n";
			showEnvVarsInLog = 0;
		};
		7E76EF42C54A6ED06DB667B8 /* [CP] Embed Pods Frameworks */ = {
			isa = PBXShellScriptBuildPhase;
			buildActionMask = 2147483647;
			files = (
			);
			inputFileListPaths = (
				"${PODS_ROOT}/Target Support Files/Pods-iDeliver/Pods-iDeliver-frameworks-${CONFIGURATION}-input-files.xcfilelist",
			);
			name = "[CP] Embed Pods Frameworks";
			outputFileListPaths = (
				"${PODS_ROOT}/Target Support Files/Pods-iDeliver/Pods-iDeliver-frameworks-${CONFIGURATION}-output-files.xcfilelist",
			);
			runOnlyForDeploymentPostprocessing = 0;
			shellPath = /bin/sh;
			shellScript = "\"${PODS_ROOT}/Target Support Files/Pods-iDeliver/Pods-iDeliver-frameworks.sh\"\n";
			showEnvVarsInLog = 0;
		};
/* End PBXShellScriptBuildPhase section */

/* Begin PBXSourcesBuildPhase section */
		3AD3A97924340E480085190F /* Sources */ = {
			isa = PBXSourcesBuildPhase;
			buildActionMask = 2147483647;
			files = (
				F0738F6C2436B1650018DAFD /* ProductsAPI.swift in Sources */,
				F0CA0BB82438E1FD00EDB04A /* ProductTableCellView.swift in Sources */,
				F0738F782436C1490018DAFD /* TopCategory.swift in Sources */,
				F0547F06245320A9005B7013 /* ProductCollectionCell.swift in Sources */,
				3AD3A98124340E480085190F /* AppDelegate.swift in Sources */,
				F07FCC5124381D070001F858 /* PixbayResponse.swift in Sources */,
				F000418F245DC3F400BC20F6 /* CheckoutTotalTableViewCell.swift in Sources */,
				3AD3A98324340E480085190F /* SceneDelegate.swift in Sources */,
				F06F3BD7245104260039F234 /* AllCategoriesViewController.swift in Sources */,
				3342647B244CF4AB00E2E0A6 /* SignUpViewController.swift in Sources */,
				F0CA0BB22438CB9900EDB04A /* Product.swift in Sources */,
				33426482244FB6BB00E2E0A6 /* User.swift in Sources */,
				331B6B6A245081E500278E19 /* CreditCardInfoViewController.swift in Sources */,
				F071D9FC245C5E2F008D179E /* CheckoutView.swift in Sources */,
				F03DA81C24525217007C47C1 /* DataModel.xcdatamodeld in Sources */,
				F028A408244FB2B800BEB495 /* ShoppingCartTableCell.swift in Sources */,
				F0738F712436B6CB0018DAFD /* JSONUtil.swift in Sources */,
				3A4A2AD02436588700C08413 /* ProductsLandingController.swift in Sources */,
				33426480244F78E500E2E0A6 /* ProfileTableViewController.swift in Sources */,
				F0CA0BAE2438B62B00EDB04A /* APIImage.swift in Sources */,
				3A4A2AD3243688B300C08413 /* Category.swift in Sources */,
				F071D9FA245C59D4008D179E /* CheckoutViewController.swift in Sources */,
				F0CA0BB62438D42A00EDB04A /* SpinnerView.swift in Sources */,
				F0A5D75124490A0B009753D8 /* ShoppingCartListViewController.swift in Sources */,
				33426479244CF49200E2E0A6 /* LoginViewController.swift in Sources */,
				F028A405244F859F00BEB495 /* NotificationEventsKeys.swift in Sources */,
				F06F3BD52450BE2A0039F234 /* LandingHeaderView.swift in Sources */,
				F071D9FE245C7A3C008D179E /* ProductCheckoutTableViewCell.swift in Sources */,
				3A4CEA90243CB5750057578B /* ExtensionsUtil.swift in Sources */,
				F0547F1524534E2E005B7013 /* CDProduct+CoreDataClass.swift in Sources */,
				3AB1A2B2243B8D840018DA07 /* ProductDetailController.swift in Sources */,
				F0CA0BB02438BCA500EDB04A /* ProductsListController.swift in Sources */,
				F0547F1624534E2E005B7013 /* CDProduct+CoreDataProperties.swift in Sources */,
				F0004191245DE83900BC20F6 /* ButtonTableCell.swift in Sources */,
			);
			runOnlyForDeploymentPostprocessing = 0;
		};
/* End PBXSourcesBuildPhase section */

/* Begin PBXVariantGroup section */
		3AD3A98624340E480085190F /* Main.storyboard */ = {
			isa = PBXVariantGroup;
			children = (
				3AD3A98724340E480085190F /* Base */,
			);
			name = Main.storyboard;
			sourceTree = "<group>";
		};
		3AD3A98B24340E4D0085190F /* LaunchScreen.storyboard */ = {
			isa = PBXVariantGroup;
			children = (
				3AD3A98C24340E4D0085190F /* Base */,
			);
			name = LaunchScreen.storyboard;
			sourceTree = "<group>";
		};
/* End PBXVariantGroup section */

/* Begin XCBuildConfiguration section */
		3AD3A98F24340E4D0085190F /* Debug */ = {
			isa = XCBuildConfiguration;
			buildSettings = {
				ALWAYS_SEARCH_USER_PATHS = NO;
				CLANG_ANALYZER_NONNULL = YES;
				CLANG_ANALYZER_NUMBER_OBJECT_CONVERSION = YES_AGGRESSIVE;
				CLANG_CXX_LANGUAGE_STANDARD = "gnu++14";
				CLANG_CXX_LIBRARY = "libc++";
				CLANG_ENABLE_MODULES = YES;
				CLANG_ENABLE_OBJC_ARC = YES;
				CLANG_ENABLE_OBJC_WEAK = YES;
				CLANG_WARN_BLOCK_CAPTURE_AUTORELEASING = YES;
				CLANG_WARN_BOOL_CONVERSION = YES;
				CLANG_WARN_COMMA = YES;
				CLANG_WARN_CONSTANT_CONVERSION = YES;
				CLANG_WARN_DEPRECATED_OBJC_IMPLEMENTATIONS = YES;
				CLANG_WARN_DIRECT_OBJC_ISA_USAGE = YES_ERROR;
				CLANG_WARN_DOCUMENTATION_COMMENTS = YES;
				CLANG_WARN_EMPTY_BODY = YES;
				CLANG_WARN_ENUM_CONVERSION = YES;
				CLANG_WARN_INFINITE_RECURSION = YES;
				CLANG_WARN_INT_CONVERSION = YES;
				CLANG_WARN_NON_LITERAL_NULL_CONVERSION = YES;
				CLANG_WARN_OBJC_IMPLICIT_RETAIN_SELF = YES;
				CLANG_WARN_OBJC_LITERAL_CONVERSION = YES;
				CLANG_WARN_OBJC_ROOT_CLASS = YES_ERROR;
				CLANG_WARN_RANGE_LOOP_ANALYSIS = YES;
				CLANG_WARN_STRICT_PROTOTYPES = YES;
				CLANG_WARN_SUSPICIOUS_MOVE = YES;
				CLANG_WARN_UNGUARDED_AVAILABILITY = YES_AGGRESSIVE;
				CLANG_WARN_UNREACHABLE_CODE = YES;
				CLANG_WARN__DUPLICATE_METHOD_MATCH = YES;
				COPY_PHASE_STRIP = NO;
				DEBUG_INFORMATION_FORMAT = dwarf;
				ENABLE_STRICT_OBJC_MSGSEND = YES;
				ENABLE_TESTABILITY = YES;
				GCC_C_LANGUAGE_STANDARD = gnu11;
				GCC_DYNAMIC_NO_PIC = NO;
				GCC_NO_COMMON_BLOCKS = YES;
				GCC_OPTIMIZATION_LEVEL = 0;
				GCC_PREPROCESSOR_DEFINITIONS = (
					"DEBUG=1",
					"$(inherited)",
				);
				GCC_WARN_64_TO_32_BIT_CONVERSION = YES;
				GCC_WARN_ABOUT_RETURN_TYPE = YES_ERROR;
				GCC_WARN_UNDECLARED_SELECTOR = YES;
				GCC_WARN_UNINITIALIZED_AUTOS = YES_AGGRESSIVE;
				GCC_WARN_UNUSED_FUNCTION = YES;
				GCC_WARN_UNUSED_VARIABLE = YES;
				IPHONEOS_DEPLOYMENT_TARGET = 13.2;
				MTL_ENABLE_DEBUG_INFO = INCLUDE_SOURCE;
				MTL_FAST_MATH = YES;
				ONLY_ACTIVE_ARCH = YES;
				SDKROOT = iphoneos;
				SWIFT_ACTIVE_COMPILATION_CONDITIONS = DEBUG;
				SWIFT_OPTIMIZATION_LEVEL = "-Onone";
			};
			name = Debug;
		};
		3AD3A99024340E4D0085190F /* Release */ = {
			isa = XCBuildConfiguration;
			buildSettings = {
				ALWAYS_SEARCH_USER_PATHS = NO;
				CLANG_ANALYZER_NONNULL = YES;
				CLANG_ANALYZER_NUMBER_OBJECT_CONVERSION = YES_AGGRESSIVE;
				CLANG_CXX_LANGUAGE_STANDARD = "gnu++14";
				CLANG_CXX_LIBRARY = "libc++";
				CLANG_ENABLE_MODULES = YES;
				CLANG_ENABLE_OBJC_ARC = YES;
				CLANG_ENABLE_OBJC_WEAK = YES;
				CLANG_WARN_BLOCK_CAPTURE_AUTORELEASING = YES;
				CLANG_WARN_BOOL_CONVERSION = YES;
				CLANG_WARN_COMMA = YES;
				CLANG_WARN_CONSTANT_CONVERSION = YES;
				CLANG_WARN_DEPRECATED_OBJC_IMPLEMENTATIONS = YES;
				CLANG_WARN_DIRECT_OBJC_ISA_USAGE = YES_ERROR;
				CLANG_WARN_DOCUMENTATION_COMMENTS = YES;
				CLANG_WARN_EMPTY_BODY = YES;
				CLANG_WARN_ENUM_CONVERSION = YES;
				CLANG_WARN_INFINITE_RECURSION = YES;
				CLANG_WARN_INT_CONVERSION = YES;
				CLANG_WARN_NON_LITERAL_NULL_CONVERSION = YES;
				CLANG_WARN_OBJC_IMPLICIT_RETAIN_SELF = YES;
				CLANG_WARN_OBJC_LITERAL_CONVERSION = YES;
				CLANG_WARN_OBJC_ROOT_CLASS = YES_ERROR;
				CLANG_WARN_RANGE_LOOP_ANALYSIS = YES;
				CLANG_WARN_STRICT_PROTOTYPES = YES;
				CLANG_WARN_SUSPICIOUS_MOVE = YES;
				CLANG_WARN_UNGUARDED_AVAILABILITY = YES_AGGRESSIVE;
				CLANG_WARN_UNREACHABLE_CODE = YES;
				CLANG_WARN__DUPLICATE_METHOD_MATCH = YES;
				COPY_PHASE_STRIP = NO;
				DEBUG_INFORMATION_FORMAT = "dwarf-with-dsym";
				ENABLE_NS_ASSERTIONS = NO;
				ENABLE_STRICT_OBJC_MSGSEND = YES;
				GCC_C_LANGUAGE_STANDARD = gnu11;
				GCC_NO_COMMON_BLOCKS = YES;
				GCC_WARN_64_TO_32_BIT_CONVERSION = YES;
				GCC_WARN_ABOUT_RETURN_TYPE = YES_ERROR;
				GCC_WARN_UNDECLARED_SELECTOR = YES;
				GCC_WARN_UNINITIALIZED_AUTOS = YES_AGGRESSIVE;
				GCC_WARN_UNUSED_FUNCTION = YES;
				GCC_WARN_UNUSED_VARIABLE = YES;
				IPHONEOS_DEPLOYMENT_TARGET = 13.2;
				MTL_ENABLE_DEBUG_INFO = NO;
				MTL_FAST_MATH = YES;
				SDKROOT = iphoneos;
				SWIFT_COMPILATION_MODE = wholemodule;
				SWIFT_OPTIMIZATION_LEVEL = "-O";
				VALIDATE_PRODUCT = YES;
			};
			name = Release;
		};
		3AD3A99224340E4D0085190F /* Debug */ = {
			isa = XCBuildConfiguration;
			baseConfigurationReference = D461E673DB5E5A7F8E69AD77 /* Pods-iDeliver.debug.xcconfig */;
			buildSettings = {
				ASSETCATALOG_COMPILER_APPICON_NAME = AppIcon;
				CLANG_ENABLE_MODULES = YES;
				CODE_SIGN_STYLE = Automatic;
				DEVELOPMENT_TEAM = 66NQL9BXQP;
				INFOPLIST_FILE = iDeliver/Info.plist;
				LD_RUNPATH_SEARCH_PATHS = (
					"$(inherited)",
					"@executable_path/Frameworks",
				);
				PRODUCT_BUNDLE_IDENTIFIER = com.iDeliver;
				PRODUCT_NAME = "$(TARGET_NAME)";
				SWIFT_OPTIMIZATION_LEVEL = "-Onone";
				SWIFT_VERSION = 5.0;
				TARGETED_DEVICE_FAMILY = "1,2";
			};
			name = Debug;
		};
		3AD3A99324340E4D0085190F /* Release */ = {
			isa = XCBuildConfiguration;
			baseConfigurationReference = 04D57F060F44C470AC7E83BD /* Pods-iDeliver.release.xcconfig */;
			buildSettings = {
				ASSETCATALOG_COMPILER_APPICON_NAME = AppIcon;
				CLANG_ENABLE_MODULES = YES;
				CODE_SIGN_STYLE = Automatic;
				DEVELOPMENT_TEAM = 66NQL9BXQP;
				INFOPLIST_FILE = iDeliver/Info.plist;
				LD_RUNPATH_SEARCH_PATHS = (
					"$(inherited)",
					"@executable_path/Frameworks",
				);
				PRODUCT_BUNDLE_IDENTIFIER = com.iDeliver;
				PRODUCT_NAME = "$(TARGET_NAME)";
				SWIFT_VERSION = 5.0;
				TARGETED_DEVICE_FAMILY = "1,2";
			};
			name = Release;
		};
/* End XCBuildConfiguration section */

/* Begin XCConfigurationList section */
		3AD3A97824340E480085190F /* Build configuration list for PBXProject "iDeliver" */ = {
			isa = XCConfigurationList;
			buildConfigurations = (
				3AD3A98F24340E4D0085190F /* Debug */,
				3AD3A99024340E4D0085190F /* Release */,
			);
			defaultConfigurationIsVisible = 0;
			defaultConfigurationName = Release;
		};
		3AD3A99124340E4D0085190F /* Build configuration list for PBXNativeTarget "iDeliver" */ = {
			isa = XCConfigurationList;
			buildConfigurations = (
				3AD3A99224340E4D0085190F /* Debug */,
				3AD3A99324340E4D0085190F /* Release */,
			);
			defaultConfigurationIsVisible = 0;
			defaultConfigurationName = Release;
		};
/* End XCConfigurationList section */

/* Begin XCVersionGroup section */
		F03DA81A24525217007C47C1 /* DataModel.xcdatamodeld */ = {
			isa = XCVersionGroup;
			children = (
				F03DA81B24525217007C47C1 /* DataModel.xcdatamodel */,
			);
			currentVersion = F03DA81B24525217007C47C1 /* DataModel.xcdatamodel */;
			path = DataModel.xcdatamodeld;
			sourceTree = "<group>";
			versionGroupType = wrapper.xcdatamodel;
		};
/* End XCVersionGroup section */
	};
	rootObject = 3AD3A97524340E480085190F /* Project object */;
}
